Microsoft Visual Studio Solution File, Format Version 11.00
# Visual Studio 2008

Project("{DB38F4EF-E86C-7311-B2F4-8C61EC41CF0C}") = "PTUT-Projet Clean", "Assembly-CSharp-firstpass.csproj", "{E3ABB938-B306-8011-F1A8-B8CCE63A009C}"
EndProject
Project("{DB38F4EF-E86C-7311-B2F4-8C61EC41CF0C}") = "PTUT-Projet Clean", "Assembly-CSharp.csproj", "{79AE1036-9CF5-050E-8CB6-7585678C26F1}"
EndProject
Project("{DB38F4EF-E86C-7311-B2F4-8C61EC41CF0C}") = "PTUT-Projet Clean", "Assembly-CSharp-Editor.csproj", "{DA6D2FAF-2A3A-A67F-D40C-D668444532AE}"
EndProject
Project("{DB38F4EF-E86C-7311-B2F4-8C61EC41CF0C}") = "PTUT-Projet Clean", "Assembly-UnityScript.unityproj", "{AE3DBE77-4839-AA2B-BC39-010F8193BB6A}"
EndProject
Global
	GlobalSection(SolutionConfigurationPlatforms) = preSolution
		Debug|Any CPU = Debug|Any CPU
		Release|Any CPU = Release|Any CPU
	EndGlobalSection
	GlobalSection(ProjectConfigurationPlatforms) = postSolution
		{E3ABB938-B306-8011-F1A8-B8CCE63A009C}.Debug|Any CPU.ActiveCfg = Debug|Any CPU
		{E3ABB938-B306-8011-F1A8-B8CCE63A009C}.Debug|Any CPU.Build.0 = Debug|Any CPU
		{E3ABB938-B306-8011-F1A8-B8CCE63A009C}.Release|Any CPU.ActiveCfg = Release|Any CPU
		{E3ABB938-B306-8011-F1A8-B8CCE63A009C}.Release|Any CPU.Build.0 = Release|Any CPU
		{79AE1036-9CF5-050E-8CB6-7585678C26F1}.Debug|Any CPU.ActiveCfg = Debug|Any CPU
		{79AE1036-9CF5-050E-8CB6-7585678C26F1}.Debug|Any CPU.Build.0 = Debug|Any CPU
		{79AE1036-9CF5-050E-8CB6-7585678C26F1}.Release|Any CPU.ActiveCfg = Release|Any CPU
		{79AE1036-9CF5-050E-8CB6-7585678C26F1}.Release|Any CPU.Build.0 = Release|Any CPU
		{DA6D2FAF-2A3A-A67F-D40C-D668444532AE}.Debug|Any CPU.ActiveCfg = Debug|Any CPU
		{DA6D2FAF-2A3A-A67F-D40C-D668444532AE}.Debug|Any CPU.Build.0 = Debug|Any CPU
		{DA6D2FAF-2A3A-A67F-D40C-D668444532AE}.Release|Any CPU.ActiveCfg = Release|Any CPU
		{DA6D2FAF-2A3A-A67F-D40C-D668444532AE}.Release|Any CPU.Build.0 = Release|Any CPU
		{AE3DBE77-4839-AA2B-BC39-010F8193BB6A}.Debug|Any CPU.ActiveCfg = Debug|Any CPU
		{AE3DBE77-4839-AA2B-BC39-010F8193BB6A}.Debug|Any CPU.Build.0 = Debug|Any CPU
		{AE3DBE77-4839-AA2B-BC39-010F8193BB6A}.Release|Any CPU.ActiveCfg = Release|Any CPU
		{AE3DBE77-4839-AA2B-BC39-010F8193BB6A}.Release|Any CPU.Build.0 = Release|Any CPU
	EndGlobalSection
	GlobalSection(SolutionProperties) = preSolution
		HideSolutionNode = FALSE
	EndGlobalSection
	GlobalSection(MonoDevelopProperties) = preSolution
		StartupItem = Assembly-CSharp.csproj
	EndGlobalSection
EndGlobal
