
Microsoft Visual Studio Solution File, Format Version 12.00
# Visual Studio 2015
Project("{FAE04EC0-301F-11D3-BF4B-00C04F79EFBC}") = "PTUT-Projet Clean.Plugins", "PTUT-Projet Clean.Plugins.csproj", "{FBFC318D-6194-2B96-797E-37491DF48AFA}"
EndProject
Project("{FAE04EC0-301F-11D3-BF4B-00C04F79EFBC}") = "PTUT-Projet Clean", "PTUT-Projet Clean.csproj", "{2401830F-0002-4F2C-AA28-5296CD10C5E6}"
EndProject
Project("{FAE04EC0-301F-11D3-BF4B-00C04F79EFBC}") = "PTUT-Projet Clean.Editor", "PTUT-Projet Clean.Editor.csproj", "{11E2A934-F637-F1AD-7F13-3659D5D9F17F}"
EndProject
Global
	GlobalSection(SolutionConfigurationPlatforms) = preSolution
		Debug|Any CPU = Debug|Any CPU
		Release|Any CPU = Release|Any CPU
	EndGlobalSection
	GlobalSection(ProjectConfigurationPlatforms) = postSolution
		{FBFC318D-6194-2B96-797E-37491DF48AFA}.Debug|Any CPU.ActiveCfg = Debug|Any CPU
		{FBFC318D-6194-2B96-797E-37491DF48AFA}.Debug|Any CPU.Build.0 = Debug|Any CPU
		{FBFC318D-6194-2B96-797E-37491DF48AFA}.Release|Any CPU.ActiveCfg = Release|Any CPU
		{FBFC318D-6194-2B96-797E-37491DF48AFA}.Release|Any CPU.Build.0 = Release|Any CPU
		{2401830F-0002-4F2C-AA28-5296CD10C5E6}.Debug|Any CPU.ActiveCfg = Debug|Any CPU
		{2401830F-0002-4F2C-AA28-5296CD10C5E6}.Debug|Any CPU.Build.0 = Debug|Any CPU
		{2401830F-0002-4F2C-AA28-5296CD10C5E6}.Release|Any CPU.ActiveCfg = Release|Any CPU
		{2401830F-0002-4F2C-AA28-5296CD10C5E6}.Release|Any CPU.Build.0 = Release|Any CPU
		{11E2A934-F637-F1AD-7F13-3659D5D9F17F}.Debug|Any CPU.ActiveCfg = Debug|Any CPU
		{11E2A934-F637-F1AD-7F13-3659D5D9F17F}.Debug|Any CPU.Build.0 = Debug|Any CPU
		{11E2A934-F637-F1AD-7F13-3659D5D9F17F}.Release|Any CPU.ActiveCfg = Release|Any CPU
		{11E2A934-F637-F1AD-7F13-3659D5D9F17F}.Release|Any CPU.Build.0 = Release|Any CPU
	EndGlobalSection
	GlobalSection(SolutionProperties) = preSolution
		HideSolutionNode = FALSE
	EndGlobalSection
EndGlobal
