
Microsoft Visual Studio Solution File, Format Version 12.00
# Visual Studio 2015
Project("{FAE04EC0-301F-11D3-BF4B-00C04F79EFBC}") = "PTUT-Projet Clean.CSharp.Plugins", "PTUT-Projet Clean.CSharp.Plugins.csproj", "{BC248AD7-A5C0-6729-AE5A-CC8EA61F10B5}"
EndProject
Project("{FAE04EC0-301F-11D3-BF4B-00C04F79EFBC}") = "PTUT-Projet Clean.CSharp", "PTUT-Projet Clean.CSharp.csproj", "{67A75B1F-0383-2F40-2C79-F7A464E00EDB}"
EndProject
Project("{FAE04EC0-301F-11D3-BF4B-00C04F79EFBC}") = "PTUT-Projet Clean.CSharp.Editor", "PTUT-Projet Clean.CSharp.Editor.csproj", "{0FB0C9FB-945B-DA38-1ED8-0D1FBBA8993C}"
EndProject
Global
	GlobalSection(SolutionConfigurationPlatforms) = preSolution
		Debug|Any CPU = Debug|Any CPU
		Release|Any CPU = Release|Any CPU
	EndGlobalSection
	GlobalSection(ProjectConfigurationPlatforms) = postSolution
		{BC248AD7-A5C0-6729-AE5A-CC8EA61F10B5}.Debug|Any CPU.ActiveCfg = Debug|Any CPU
		{BC248AD7-A5C0-6729-AE5A-CC8EA61F10B5}.Debug|Any CPU.Build.0 = Debug|Any CPU
		{BC248AD7-A5C0-6729-AE5A-CC8EA61F10B5}.Release|Any CPU.ActiveCfg = Release|Any CPU
		{BC248AD7-A5C0-6729-AE5A-CC8EA61F10B5}.Release|Any CPU.Build.0 = Release|Any CPU
		{67A75B1F-0383-2F40-2C79-F7A464E00EDB}.Debug|Any CPU.ActiveCfg = Debug|Any CPU
		{67A75B1F-0383-2F40-2C79-F7A464E00EDB}.Debug|Any CPU.Build.0 = Debug|Any CPU
		{67A75B1F-0383-2F40-2C79-F7A464E00EDB}.Release|Any CPU.ActiveCfg = Release|Any CPU
		{67A75B1F-0383-2F40-2C79-F7A464E00EDB}.Release|Any CPU.Build.0 = Release|Any CPU
		{0FB0C9FB-945B-DA38-1ED8-0D1FBBA8993C}.Debug|Any CPU.ActiveCfg = Debug|Any CPU
		{0FB0C9FB-945B-DA38-1ED8-0D1FBBA8993C}.Debug|Any CPU.Build.0 = Debug|Any CPU
		{0FB0C9FB-945B-DA38-1ED8-0D1FBBA8993C}.Release|Any CPU.ActiveCfg = Release|Any CPU
		{0FB0C9FB-945B-DA38-1ED8-0D1FBBA8993C}.Release|Any CPU.Build.0 = Release|Any CPU
	EndGlobalSection
	GlobalSection(SolutionProperties) = preSolution
		HideSolutionNode = FALSE
	EndGlobalSection
EndGlobal
