
Microsoft Visual Studio Solution File, Format Version 12.00
# Visual Studio 2015
Project("{FAE04EC0-301F-11D3-BF4B-00C04F79EFBC}") = "Ptut.CSharp.Plugins", "Ptut.CSharp.Plugins.csproj", "{2B8A7265-17B7-1AD7-400A-472F281DBDA0}"
EndProject
Project("{FAE04EC0-301F-11D3-BF4B-00C04F79EFBC}") = "Ptut.CSharp.Editor", "Ptut.CSharp.Editor.csproj", "{AB7FD908-98EF-9502-4E77-C8EB717BE761}"
EndProject
Global
	GlobalSection(SolutionConfigurationPlatforms) = preSolution
		Debug|Any CPU = Debug|Any CPU
		Release|Any CPU = Release|Any CPU
	EndGlobalSection
	GlobalSection(ProjectConfigurationPlatforms) = postSolution
		{2B8A7265-17B7-1AD7-400A-472F281DBDA0}.Debug|Any CPU.ActiveCfg = Debug|Any CPU
		{2B8A7265-17B7-1AD7-400A-472F281DBDA0}.Debug|Any CPU.Build.0 = Debug|Any CPU
		{2B8A7265-17B7-1AD7-400A-472F281DBDA0}.Release|Any CPU.ActiveCfg = Release|Any CPU
		{2B8A7265-17B7-1AD7-400A-472F281DBDA0}.Release|Any CPU.Build.0 = Release|Any CPU
		{AB7FD908-98EF-9502-4E77-C8EB717BE761}.Debug|Any CPU.ActiveCfg = Debug|Any CPU
		{AB7FD908-98EF-9502-4E77-C8EB717BE761}.Debug|Any CPU.Build.0 = Debug|Any CPU
		{AB7FD908-98EF-9502-4E77-C8EB717BE761}.Release|Any CPU.ActiveCfg = Release|Any CPU
		{AB7FD908-98EF-9502-4E77-C8EB717BE761}.Release|Any CPU.Build.0 = Release|Any CPU
	EndGlobalSection
	GlobalSection(SolutionProperties) = preSolution
		HideSolutionNode = FALSE
	EndGlobalSection
EndGlobal
